// !$*UTF8*$!
{
	archiveVersion = 1;
	classes = {
	};
	objectVersion = 51;
	objects = {

/* Begin PBXBuildFile section */
		6527C35C2202026800D6F498 /* Decode.swift in Sources */ = {isa = PBXBuildFile; fileRef = 6527C35B2202026800D6F498 /* Decode.swift */; };
		6527C35E2202171F00D6F498 /* Encode.swift in Sources */ = {isa = PBXBuildFile; fileRef = 6527C35D2202171F00D6F498 /* Encode.swift */; };
		652F903D209E3E3D00365B2D /* IgnoreErrors.swift in Sources */ = {isa = PBXBuildFile; fileRef = 652F903C209E3E3D00365B2D /* IgnoreErrors.swift */; };
		65AB7DDA209B95B400726796 /* Batch.swift in Sources */ = {isa = PBXBuildFile; fileRef = 65AB7DD9209B95B400726796 /* Batch.swift */; };
		65B9AF482116D1D4004DA82B /* Result.swift in Sources */ = {isa = PBXBuildFile; fileRef = 65B9AF472116D1D4004DA82B /* Result.swift */; };
		65CFC60B1D608AA700CAD875 /* ProcedureKit.h in Headers */ = {isa = PBXBuildFile; fileRef = 65CFC60A1D608AA700CAD875 /* ProcedureKit.h */; settings = {ATTRIBUTES = (Public, ); }; };
		65D3688A1E184AA600D03E86 /* Any.swift in Sources */ = {isa = PBXBuildFile; fileRef = 65D368661E184AA600D03E86 /* Any.swift */; };
		65D3688B1E184AA600D03E86 /* AnyObserver.swift in Sources */ = {isa = PBXBuildFile; fileRef = 65D368671E184AA600D03E86 /* AnyObserver.swift */; };
		65D3688C1E184AA600D03E86 /* Block.swift in Sources */ = {isa = PBXBuildFile; fileRef = 65D368681E184AA600D03E86 /* Block.swift */; };
		65D3688D1E184AA600D03E86 /* BlockCondition.swift in Sources */ = {isa = PBXBuildFile; fileRef = 65D368691E184AA600D03E86 /* BlockCondition.swift */; };
		65D3688E1E184AA600D03E86 /* BlockObservers.swift in Sources */ = {isa = PBXBuildFile; fileRef = 65D3686A1E184AA600D03E86 /* BlockObservers.swift */; };
		65D3688F1E184AA600D03E86 /* Capability.swift in Sources */ = {isa = PBXBuildFile; fileRef = 65D3686B1E184AA600D03E86 /* Capability.swift */; };
		65D368901E184AA600D03E86 /* Collection+ProcedureKit.swift in Sources */ = {isa = PBXBuildFile; fileRef = 65D3686C1E184AA600D03E86 /* Collection+ProcedureKit.swift */; };
		65D368911E184AA600D03E86 /* Composed.swift in Sources */ = {isa = PBXBuildFile; fileRef = 65D3686D1E184AA600D03E86 /* Composed.swift */; };
		65D368921E184AA600D03E86 /* Condition.swift in Sources */ = {isa = PBXBuildFile; fileRef = 65D3686E1E184AA600D03E86 /* Condition.swift */; };
		65D368931E184AA600D03E86 /* Delay.swift in Sources */ = {isa = PBXBuildFile; fileRef = 65D3686F1E184AA600D03E86 /* Delay.swift */; };
		65D368941E184AA600D03E86 /* DispatchQueue+ProcedureKit.swift in Sources */ = {isa = PBXBuildFile; fileRef = 65D368701E184AA600D03E86 /* DispatchQueue+ProcedureKit.swift */; };
		65D368951E184AA600D03E86 /* Errors.swift in Sources */ = {isa = PBXBuildFile; fileRef = 65D368711E184AA600D03E86 /* Errors.swift */; };
		65D368961E184AA600D03E86 /* Filter.swift in Sources */ = {isa = PBXBuildFile; fileRef = 65D368721E184AA600D03E86 /* Filter.swift */; };
		65D368971E184AA600D03E86 /* Group.swift in Sources */ = {isa = PBXBuildFile; fileRef = 65D368731E184AA600D03E86 /* Group.swift */; };
		65D368981E184AA600D03E86 /* Identity.swift in Sources */ = {isa = PBXBuildFile; fileRef = 65D368741E184AA600D03E86 /* Identity.swift */; };
		65D368991E184AA600D03E86 /* Logging.swift in Sources */ = {isa = PBXBuildFile; fileRef = 65D368751E184AA600D03E86 /* Logging.swift */; };
		65D3689A1E184AA600D03E86 /* Map.swift in Sources */ = {isa = PBXBuildFile; fileRef = 65D368761E184AA600D03E86 /* Map.swift */; };
		65D3689B1E184AA600D03E86 /* MutualExclusion.swift in Sources */ = {isa = PBXBuildFile; fileRef = 65D368771E184AA600D03E86 /* MutualExclusion.swift */; };
		65D3689C1E184AA600D03E86 /* NegatedCondition.swift in Sources */ = {isa = PBXBuildFile; fileRef = 65D368781E184AA600D03E86 /* NegatedCondition.swift */; };
		65D3689D1E184AA600D03E86 /* NetworkObserver.swift in Sources */ = {isa = PBXBuildFile; fileRef = 65D368791E184AA600D03E86 /* NetworkObserver.swift */; };
		65D3689E1E184AA600D03E86 /* NoFailedDependenciesCondition.swift in Sources */ = {isa = PBXBuildFile; fileRef = 65D3687A1E184AA600D03E86 /* NoFailedDependenciesCondition.swift */; };
		65D3689F1E184AA600D03E86 /* Operation+ProcedureKit.swift in Sources */ = {isa = PBXBuildFile; fileRef = 65D3687B1E184AA600D03E86 /* Operation+ProcedureKit.swift */; };
		65D368A01E184AA600D03E86 /* Procedure.swift in Sources */ = {isa = PBXBuildFile; fileRef = 65D3687C1E184AA600D03E86 /* Procedure.swift */; };
		65D368A11E184AA600D03E86 /* ProcedureObserver.swift in Sources */ = {isa = PBXBuildFile; fileRef = 65D3687D1E184AA600D03E86 /* ProcedureObserver.swift */; };
		65D368A21E184AA600D03E86 /* ProcedureProcotol.swift in Sources */ = {isa = PBXBuildFile; fileRef = 65D3687E1E184AA600D03E86 /* ProcedureProcotol.swift */; };
		65D368A31E184AA600D03E86 /* ProcedureQueue.swift in Sources */ = {isa = PBXBuildFile; fileRef = 65D3687F1E184AA600D03E86 /* ProcedureQueue.swift */; };
		65D368A41E184AA600D03E86 /* ProcedureResult.swift in Sources */ = {isa = PBXBuildFile; fileRef = 65D368801E184AA600D03E86 /* ProcedureResult.swift */; };
		65D368A51E184AA600D03E86 /* Profiler.swift in Sources */ = {isa = PBXBuildFile; fileRef = 65D368811E184AA600D03E86 /* Profiler.swift */; };
		65D368A61E184AA600D03E86 /* Reachability.swift in Sources */ = {isa = PBXBuildFile; fileRef = 65D368821E184AA600D03E86 /* Reachability.swift */; };
		65D368A71E184AA600D03E86 /* Reduce.swift in Sources */ = {isa = PBXBuildFile; fileRef = 65D368831E184AA600D03E86 /* Reduce.swift */; };
		65D368A81E184AA600D03E86 /* Repeat.swift in Sources */ = {isa = PBXBuildFile; fileRef = 65D368841E184AA600D03E86 /* Repeat.swift */; };
		65D368A91E184AA600D03E86 /* Retry.swift in Sources */ = {isa = PBXBuildFile; fileRef = 65D368851E184AA600D03E86 /* Retry.swift */; };
		65D368AA1E184AA600D03E86 /* SilentCondition.swift in Sources */ = {isa = PBXBuildFile; fileRef = 65D368861E184AA600D03E86 /* SilentCondition.swift */; };
		65D368AB1E184AA600D03E86 /* Support.swift in Sources */ = {isa = PBXBuildFile; fileRef = 65D368871E184AA600D03E86 /* Support.swift */; };
		65D368AC1E184AA600D03E86 /* TimeoutObserver.swift in Sources */ = {isa = PBXBuildFile; fileRef = 65D368881E184AA600D03E86 /* TimeoutObserver.swift */; };
		65D368AD1E184AA600D03E86 /* Transform.swift in Sources */ = {isa = PBXBuildFile; fileRef = 65D368891E184AA600D03E86 /* Transform.swift */; };
		65D4BEF520C8A31100D85877 /* SignpostObserver.swift in Sources */ = {isa = PBXBuildFile; fileRef = 65D4BEF420C8A31100D85877 /* SignpostObserver.swift */; };
		EEE79AE81E21B9C90030C768 /* PendingEvent.swift in Sources */ = {isa = PBXBuildFile; fileRef = EEE79AE71E21B9C90030C768 /* PendingEvent.swift */; };
		EEE79AEB1E21B9D30030C768 /* ProcedureEventQueue.swift in Sources */ = {isa = PBXBuildFile; fileRef = EEE79AE91E21B9D30030C768 /* ProcedureEventQueue.swift */; };
		EEE79AEC1E21B9D30030C768 /* ProcedureFuture.swift in Sources */ = {isa = PBXBuildFile; fileRef = EEE79AEA1E21B9D30030C768 /* ProcedureFuture.swift */; };
/* End PBXBuildFile section */

/* Begin PBXFileReference section */
		6527C35B2202026800D6F498 /* Decode.swift */ = {isa = PBXFileReference; lastKnownFileType = sourcecode.swift; path = Decode.swift; sourceTree = "<group>"; };
		6527C35D2202171F00D6F498 /* Encode.swift */ = {isa = PBXFileReference; lastKnownFileType = sourcecode.swift; path = Encode.swift; sourceTree = "<group>"; };
		6527C35F220217FE00D6F498 /* JSONCodingTests.swift */ = {isa = PBXFileReference; lastKnownFileType = sourcecode.swift; path = JSONCodingTests.swift; sourceTree = "<group>"; };
		652F9014209C488600365B2D /* BatchTests.swift */ = {isa = PBXFileReference; lastKnownFileType = sourcecode.swift; path = BatchTests.swift; sourceTree = "<group>"; };
		652F903C209E3E3D00365B2D /* IgnoreErrors.swift */ = {isa = PBXFileReference; lastKnownFileType = sourcecode.swift; path = IgnoreErrors.swift; sourceTree = "<group>"; };
		652F903E209E445200365B2D /* IgnoreErrorsProcedureTests.swift */ = {isa = PBXFileReference; lastKnownFileType = sourcecode.swift; path = IgnoreErrorsProcedureTests.swift; sourceTree = "<group>"; };
		653C9FDA1D6098330070B7A2 /* ProcedureKitMobile.h */ = {isa = PBXFileReference; fileEncoding = 4; lastKnownFileType = sourcecode.c.h; name = ProcedureKitMobile.h; path = "Supporting Files/ProcedureKitMobile.h"; sourceTree = "<group>"; };
		653C9FDC1D6098650070B7A2 /* ProcedureKitMobile.xcconfig */ = {isa = PBXFileReference; lastKnownFileType = text.xcconfig; name = ProcedureKitMobile.xcconfig; path = "Supporting Files/ProcedureKitMobile.xcconfig"; sourceTree = "<group>"; };
		653CA00A1D609EDA0070B7A2 /* ProcedureKitTV.h */ = {isa = PBXFileReference; lastKnownFileType = sourcecode.c.h; name = ProcedureKitTV.h; path = "Supporting Files/ProcedureKitTV.h"; sourceTree = "<group>"; };
		653CA00B1D609EDA0070B7A2 /* ProcedureKitTV.xcconfig */ = {isa = PBXFileReference; lastKnownFileType = text.xcconfig; name = ProcedureKitTV.xcconfig; path = "Supporting Files/ProcedureKitTV.xcconfig"; sourceTree = "<group>"; };
		653CA0471D60A6060070B7A2 /* ProcedureKitMac.h */ = {isa = PBXFileReference; fileEncoding = 4; lastKnownFileType = sourcecode.c.h; name = ProcedureKitMac.h; path = "Supporting Files/ProcedureKitMac.h"; sourceTree = "<group>"; };
		653CA0491D60A6630070B7A2 /* ProcedureKitMac.xcconfig */ = {isa = PBXFileReference; lastKnownFileType = text.xcconfig; name = ProcedureKitMac.xcconfig; path = "Supporting Files/ProcedureKitMac.xcconfig"; sourceTree = "<group>"; };
		653CA0731D60AB1B0070B7A2 /* ProcedureKitCloud.h */ = {isa = PBXFileReference; fileEncoding = 4; lastKnownFileType = sourcecode.c.h; name = ProcedureKitCloud.h; path = "Supporting Files/ProcedureKitCloud.h"; sourceTree = "<group>"; };
		653CA0751D60AB2B0070B7A2 /* ProcedureKitCloud.xcconfig */ = {isa = PBXFileReference; lastKnownFileType = text.xcconfig; name = ProcedureKitCloud.xcconfig; path = "Supporting Files/ProcedureKitCloud.xcconfig"; sourceTree = "<group>"; };
		658BE07320BC77AD0021F11B /* MakeFetchedResultsControllerProcedureTests.swift */ = {isa = PBXFileReference; lastKnownFileType = sourcecode.swift; path = MakeFetchedResultsControllerProcedureTests.swift; sourceTree = "<group>"; };
		658BE07720BCA0500021F11B /* InsertManagedObjectsProcedureTests.swift */ = {isa = PBXFileReference; lastKnownFileType = sourcecode.swift; path = InsertManagedObjectsProcedureTests.swift; sourceTree = "<group>"; };
		659484351DAAA3360028F83B /* ProcedureKitLocation.h */ = {isa = PBXFileReference; fileEncoding = 4; lastKnownFileType = sourcecode.c.h; name = ProcedureKitLocation.h; path = "Supporting Files/ProcedureKitLocation.h"; sourceTree = "<group>"; };
		659484371DAAA3A60028F83B /* ProcedureKitLocation.xcconfig */ = {isa = PBXFileReference; lastKnownFileType = text.xcconfig; name = ProcedureKitLocation.xcconfig; path = "Supporting Files/ProcedureKitLocation.xcconfig"; sourceTree = "<group>"; };
		65A0E4B320B85258002D6C8C /* ProcedureKitCoreData.h */ = {isa = PBXFileReference; fileEncoding = 4; lastKnownFileType = sourcecode.c.h; name = ProcedureKitCoreData.h; path = "Supporting Files/ProcedureKitCoreData.h"; sourceTree = "<group>"; };
		65A0E4B520B85297002D6C8C /* ProcedureKitCoreData.xcconfig */ = {isa = PBXFileReference; lastKnownFileType = text.xcconfig; name = ProcedureKitCoreData.xcconfig; path = "Supporting Files/ProcedureKitCoreData.xcconfig"; sourceTree = "<group>"; };
		65A0E4B820B8548D002D6C8C /* ProcedureKitCoreDataTests.swift */ = {isa = PBXFileReference; fileEncoding = 4; lastKnownFileType = sourcecode.swift; path = ProcedureKitCoreDataTests.swift; sourceTree = "<group>"; };
		65A0E4C020BB18EA002D6C8C /* TestDataModel.xcdatamodel */ = {isa = PBXFileReference; lastKnownFileType = wrapper.xcdatamodel; path = TestDataModel.xcdatamodel; sourceTree = "<group>"; };
		65A0E4C220BB1975002D6C8C /* LoadCoreDataProcedureTests.swift */ = {isa = PBXFileReference; lastKnownFileType = sourcecode.swift; path = LoadCoreDataProcedureTests.swift; sourceTree = "<group>"; };
		65A0E4C620BC548A002D6C8C /* SaveManagedObjectContextProcedureTests.swift */ = {isa = PBXFileReference; lastKnownFileType = sourcecode.swift; path = SaveManagedObjectContextProcedureTests.swift; sourceTree = "<group>"; };
		65A1923820F88FD300E0D42C /* LoggingTests.swift */ = {isa = PBXFileReference; lastKnownFileType = sourcecode.swift; path = LoggingTests.swift; sourceTree = "<group>"; };
		65AB7DD9209B95B400726796 /* Batch.swift */ = {isa = PBXFileReference; lastKnownFileType = sourcecode.swift; path = Batch.swift; sourceTree = "<group>"; };
		65B9AF472116D1D4004DA82B /* Result.swift */ = {isa = PBXFileReference; lastKnownFileType = sourcecode.swift; path = Result.swift; sourceTree = "<group>"; };
		65C88D761DC4EB4300C8D4EB /* Warnings.xcconfig */ = {isa = PBXFileReference; lastKnownFileType = text.xcconfig; name = Warnings.xcconfig; path = "Supporting Files/Warnings.xcconfig"; sourceTree = "<group>"; };
		65CFC5F01D608A5500CAD875 /* ProcedureKit.framework */ = {isa = PBXFileReference; explicitFileType = wrapper.framework; includeInIndex = 0; path = ProcedureKit.framework; sourceTree = BUILT_PRODUCTS_DIR; };
		65CFC60A1D608AA700CAD875 /* ProcedureKit.h */ = {isa = PBXFileReference; fileEncoding = 4; lastKnownFileType = sourcecode.c.h; name = ProcedureKit.h; path = "Supporting Files/ProcedureKit.h"; sourceTree = "<group>"; };
		65CFC60D1D608AD200CAD875 /* Version.xcconfig */ = {isa = PBXFileReference; lastKnownFileType = text.xcconfig; name = Version.xcconfig; path = "Supporting Files/Version.xcconfig"; sourceTree = "<group>"; };
		65CFC60E1D608AE200CAD875 /* ProcedureKit.xcconfig */ = {isa = PBXFileReference; lastKnownFileType = text.xcconfig; name = ProcedureKit.xcconfig; path = "Supporting Files/ProcedureKit.xcconfig"; sourceTree = "<group>"; };
		65CFC60F1D608B3000CAD875 /* Info.plist */ = {isa = PBXFileReference; fileEncoding = 4; lastKnownFileType = text.plist.xml; name = Info.plist; path = "Supporting Files/Info.plist"; sourceTree = "<group>"; };
		65CFC61E1D60904700CAD875 /* TestingProcedureKit.h */ = {isa = PBXFileReference; fileEncoding = 4; lastKnownFileType = sourcecode.c.h; name = TestingProcedureKit.h; path = "Supporting Files/TestingProcedureKit.h"; sourceTree = "<group>"; };
		65CFC6201D60905000CAD875 /* TestingProcedureKit.xcconfig */ = {isa = PBXFileReference; lastKnownFileType = text.xcconfig; name = TestingProcedureKit.xcconfig; path = "Supporting Files/TestingProcedureKit.xcconfig"; sourceTree = "<group>"; };
		65D366811E183F1900D03E86 /* CKAcceptSharesOperationTests.swift */ = {isa = PBXFileReference; fileEncoding = 4; lastKnownFileType = sourcecode.swift; path = CKAcceptSharesOperationTests.swift; sourceTree = "<group>"; };
		65D366821E183F1900D03E86 /* CKDatabaseOperationTests.swift */ = {isa = PBXFileReference; fileEncoding = 4; lastKnownFileType = sourcecode.swift; path = CKDatabaseOperationTests.swift; sourceTree = "<group>"; };
		65D366841E183F1900D03E86 /* CKDiscoverAllUserIdentitiesOperationTests.swift */ = {isa = PBXFileReference; fileEncoding = 4; lastKnownFileType = sourcecode.swift; path = CKDiscoverAllUserIdentitiesOperationTests.swift; sourceTree = "<group>"; };
		65D366851E183F1900D03E86 /* CKDiscoverUserIdentitiesOperationTests.swift */ = {isa = PBXFileReference; fileEncoding = 4; lastKnownFileType = sourcecode.swift; path = CKDiscoverUserIdentitiesOperationTests.swift; sourceTree = "<group>"; };
		65D366871E183F1900D03E86 /* CKFetchAllChangesTests.swift */ = {isa = PBXFileReference; fileEncoding = 4; lastKnownFileType = sourcecode.swift; path = CKFetchAllChangesTests.swift; sourceTree = "<group>"; };
		65D366881E183F1900D03E86 /* CKFetchDatabaseChangesOperationTests.swift */ = {isa = PBXFileReference; fileEncoding = 4; lastKnownFileType = sourcecode.swift; path = CKFetchDatabaseChangesOperationTests.swift; sourceTree = "<group>"; };
		65D366891E183F1900D03E86 /* CKFetchNotificationChangesOperationTests.swift */ = {isa = PBXFileReference; fileEncoding = 4; lastKnownFileType = sourcecode.swift; path = CKFetchNotificationChangesOperationTests.swift; sourceTree = "<group>"; };
		65D3668B1E183F1900D03E86 /* CKFetchRecordsOperationTests.swift */ = {isa = PBXFileReference; fileEncoding = 4; lastKnownFileType = sourcecode.swift; path = CKFetchRecordsOperationTests.swift; sourceTree = "<group>"; };
		65D3668C1E183F1900D03E86 /* CKFetchRecordZoneChangesOperationTests.swift */ = {isa = PBXFileReference; fileEncoding = 4; lastKnownFileType = sourcecode.swift; path = CKFetchRecordZoneChangesOperationTests.swift; sourceTree = "<group>"; };
		65D3668D1E183F1900D03E86 /* CKFetchRecordZonesOperationTests.swift */ = {isa = PBXFileReference; fileEncoding = 4; lastKnownFileType = sourcecode.swift; path = CKFetchRecordZonesOperationTests.swift; sourceTree = "<group>"; };
		65D3668E1E183F1900D03E86 /* CKFetchShareMetadataOperationTests.swift */ = {isa = PBXFileReference; fileEncoding = 4; lastKnownFileType = sourcecode.swift; path = CKFetchShareMetadataOperationTests.swift; sourceTree = "<group>"; };
		65D3668F1E183F1900D03E86 /* CKFetchShareParticipantsOperationTests.swift */ = {isa = PBXFileReference; fileEncoding = 4; lastKnownFileType = sourcecode.swift; path = CKFetchShareParticipantsOperationTests.swift; sourceTree = "<group>"; };
		65D366901E183F1900D03E86 /* CKFetchSubscriptionsOperationTests.swift */ = {isa = PBXFileReference; fileEncoding = 4; lastKnownFileType = sourcecode.swift; path = CKFetchSubscriptionsOperationTests.swift; sourceTree = "<group>"; };
		65D366911E183F1900D03E86 /* CKMarkNotificationsReadOperationTests.swift */ = {isa = PBXFileReference; fileEncoding = 4; lastKnownFileType = sourcecode.swift; path = CKMarkNotificationsReadOperationTests.swift; sourceTree = "<group>"; };
		65D366921E183F1900D03E86 /* CKModifyBadgeOperationTests.swift */ = {isa = PBXFileReference; fileEncoding = 4; lastKnownFileType = sourcecode.swift; path = CKModifyBadgeOperationTests.swift; sourceTree = "<group>"; };
		65D366931E183F1900D03E86 /* CKModifyRecordsOperationTests.swift */ = {isa = PBXFileReference; fileEncoding = 4; lastKnownFileType = sourcecode.swift; path = CKModifyRecordsOperationTests.swift; sourceTree = "<group>"; };
		65D366941E183F1900D03E86 /* CKModifyRecordZonesOperationTests.swift */ = {isa = PBXFileReference; fileEncoding = 4; lastKnownFileType = sourcecode.swift; path = CKModifyRecordZonesOperationTests.swift; sourceTree = "<group>"; };
		65D366951E183F1900D03E86 /* CKModifySubscriptionsOperationTests.swift */ = {isa = PBXFileReference; fileEncoding = 4; lastKnownFileType = sourcecode.swift; path = CKModifySubscriptionsOperationTests.swift; sourceTree = "<group>"; };
		65D366961E183F1900D03E86 /* CKOperationTests.swift */ = {isa = PBXFileReference; fileEncoding = 4; lastKnownFileType = sourcecode.swift; path = CKOperationTests.swift; sourceTree = "<group>"; };
		65D366971E183F1900D03E86 /* CKQueryOperationTests.swift */ = {isa = PBXFileReference; fileEncoding = 4; lastKnownFileType = sourcecode.swift; path = CKQueryOperationTests.swift; sourceTree = "<group>"; };
		65D366981E183F1900D03E86 /* CloudKitCapabilityTests.swift */ = {isa = PBXFileReference; fileEncoding = 4; lastKnownFileType = sourcecode.swift; path = CloudKitCapabilityTests.swift; sourceTree = "<group>"; };
		65D366991E183F1900D03E86 /* ProcedureKitCloudTests.swift */ = {isa = PBXFileReference; fileEncoding = 4; lastKnownFileType = sourcecode.swift; path = ProcedureKitCloudTests.swift; sourceTree = "<group>"; };
		65D3669A1E183F1900D03E86 /* TestableCloudKitContainer.swift */ = {isa = PBXFileReference; fileEncoding = 4; lastKnownFileType = sourcecode.swift; path = TestableCloudKitContainer.swift; sourceTree = "<group>"; };
		65D366B61E183F2600D03E86 /* LocationCapabilityTests.swift */ = {isa = PBXFileReference; fileEncoding = 4; lastKnownFileType = sourcecode.swift; path = LocationCapabilityTests.swift; sourceTree = "<group>"; };
		65D366B71E183F2600D03E86 /* ProcedureKitLocationTests.swift */ = {isa = PBXFileReference; fileEncoding = 4; lastKnownFileType = sourcecode.swift; path = ProcedureKitLocationTests.swift; sourceTree = "<group>"; };
		65D366B81E183F2600D03E86 /* ReverseGeocodeProcedureTests.swift */ = {isa = PBXFileReference; fileEncoding = 4; lastKnownFileType = sourcecode.swift; path = ReverseGeocodeProcedureTests.swift; sourceTree = "<group>"; };
		65D366B91E183F2600D03E86 /* ReverseGeocodeUserLocationProcedureTests.swift */ = {isa = PBXFileReference; fileEncoding = 4; lastKnownFileType = sourcecode.swift; path = ReverseGeocodeUserLocationProcedureTests.swift; sourceTree = "<group>"; };
		65D366BA1E183F2600D03E86 /* TestableLocationServices.swift */ = {isa = PBXFileReference; fileEncoding = 4; lastKnownFileType = sourcecode.swift; path = TestableLocationServices.swift; sourceTree = "<group>"; };
		65D366BB1E183F2600D03E86 /* UserLocationProcedureTests.swift */ = {isa = PBXFileReference; fileEncoding = 4; lastKnownFileType = sourcecode.swift; path = UserLocationProcedureTests.swift; sourceTree = "<group>"; };
		65D366C31E183F3900D03E86 /* ProcedureKitMacTests.swift */ = {isa = PBXFileReference; fileEncoding = 4; lastKnownFileType = sourcecode.swift; path = ProcedureKitMacTests.swift; sourceTree = "<group>"; };
		65D366C41E183F3900D03E86 /* ProcessProcedureTests.swift */ = {isa = PBXFileReference; fileEncoding = 4; lastKnownFileType = sourcecode.swift; path = ProcessProcedureTests.swift; sourceTree = "<group>"; };
		65D366C81E183F5000D03E86 /* AlertProcedureTests.swift */ = {isa = PBXFileReference; fileEncoding = 4; lastKnownFileType = sourcecode.swift; path = AlertProcedureTests.swift; sourceTree = "<group>"; };
		65D366C91E183F5000D03E86 /* BackgroundObserverTests.swift */ = {isa = PBXFileReference; fileEncoding = 4; lastKnownFileType = sourcecode.swift; path = BackgroundObserverTests.swift; sourceTree = "<group>"; };
		65D366CA1E183F5000D03E86 /* PresentationProcedureTests.swift */ = {isa = PBXFileReference; fileEncoding = 4; lastKnownFileType = sourcecode.swift; path = PresentationProcedureTests.swift; sourceTree = "<group>"; };
		65D366CB1E183F5000D03E86 /* ProcedureKitMobileTests.swift */ = {isa = PBXFileReference; fileEncoding = 4; lastKnownFileType = sourcecode.swift; path = ProcedureKitMobileTests.swift; sourceTree = "<group>"; };
		65D366CC1E183F5000D03E86 /* TestableUIApplication.swift */ = {isa = PBXFileReference; fileEncoding = 4; lastKnownFileType = sourcecode.swift; path = TestableUIApplication.swift; sourceTree = "<group>"; };
		65D366CD1E183F5000D03E86 /* UIProcedureTests.swift */ = {isa = PBXFileReference; fileEncoding = 4; lastKnownFileType = sourcecode.swift; path = UIProcedureTests.swift; sourceTree = "<group>"; };
		65D366D51E183F6400D03E86 /* NetworkDataProcedureTests.swift */ = {isa = PBXFileReference; fileEncoding = 4; lastKnownFileType = sourcecode.swift; path = NetworkDataProcedureTests.swift; sourceTree = "<group>"; };
		65D366D61E183F6400D03E86 /* NetworkDownloadProcedureTests.swift */ = {isa = PBXFileReference; fileEncoding = 4; lastKnownFileType = sourcecode.swift; path = NetworkDownloadProcedureTests.swift; sourceTree = "<group>"; };
		65D366D71E183F6400D03E86 /* NetworkProcedureTests.swift */ = {isa = PBXFileReference; fileEncoding = 4; lastKnownFileType = sourcecode.swift; path = NetworkProcedureTests.swift; sourceTree = "<group>"; };
		65D366D81E183F6400D03E86 /* NetworkReachabilityTests.swift */ = {isa = PBXFileReference; fileEncoding = 4; lastKnownFileType = sourcecode.swift; path = NetworkReachabilityTests.swift; sourceTree = "<group>"; };
		65D366D91E183F6400D03E86 /* NetworkUploadProcedureTests.swift */ = {isa = PBXFileReference; fileEncoding = 4; lastKnownFileType = sourcecode.swift; path = NetworkUploadProcedureTests.swift; sourceTree = "<group>"; };
		65D366DA1E183F6400D03E86 /* ProcedureKitNetworkTests.swift */ = {isa = PBXFileReference; fileEncoding = 4; lastKnownFileType = sourcecode.swift; path = ProcedureKitNetworkTests.swift; sourceTree = "<group>"; };
		65D366DB1E183F6400D03E86 /* URLTests.swift */ = {isa = PBXFileReference; fileEncoding = 4; lastKnownFileType = sourcecode.swift; path = URLTests.swift; sourceTree = "<group>"; };
		65D366E41E183F8100D03E86 /* ProcedureKitTVTests.swift */ = {isa = PBXFileReference; fileEncoding = 4; lastKnownFileType = sourcecode.swift; path = ProcedureKitTVTests.swift; sourceTree = "<group>"; };
		65D366E71E183FB000D03E86 /* AnyProcedureTests.swift */ = {isa = PBXFileReference; fileEncoding = 4; lastKnownFileType = sourcecode.swift; path = AnyProcedureTests.swift; sourceTree = "<group>"; };
		65D366E81E183FB000D03E86 /* BlockConditionTests.swift */ = {isa = PBXFileReference; fileEncoding = 4; lastKnownFileType = sourcecode.swift; path = BlockConditionTests.swift; sourceTree = "<group>"; };
		65D366E91E183FB000D03E86 /* BlockObserverTests.swift */ = {isa = PBXFileReference; fileEncoding = 4; lastKnownFileType = sourcecode.swift; path = BlockObserverTests.swift; sourceTree = "<group>"; };
		65D366EA1E183FB000D03E86 /* BlockProcedureTests.swift */ = {isa = PBXFileReference; fileEncoding = 4; lastKnownFileType = sourcecode.swift; path = BlockProcedureTests.swift; sourceTree = "<group>"; };
		65D366EB1E183FB000D03E86 /* CancellationTests.swift */ = {isa = PBXFileReference; fileEncoding = 4; lastKnownFileType = sourcecode.swift; path = CancellationTests.swift; sourceTree = "<group>"; };
		65D366EC1E183FB000D03E86 /* CapabilityTests.swift */ = {isa = PBXFileReference; fileEncoding = 4; lastKnownFileType = sourcecode.swift; path = CapabilityTests.swift; sourceTree = "<group>"; };
		65D366ED1E183FB000D03E86 /* ComposedProcedureTests.swift */ = {isa = PBXFileReference; fileEncoding = 4; lastKnownFileType = sourcecode.swift; path = ComposedProcedureTests.swift; sourceTree = "<group>"; };
		65D366EE1E183FB000D03E86 /* ConditionTests.swift */ = {isa = PBXFileReference; fileEncoding = 4; lastKnownFileType = sourcecode.swift; path = ConditionTests.swift; sourceTree = "<group>"; };
		65D366EF1E183FB000D03E86 /* DelayProcedureTests.swift */ = {isa = PBXFileReference; fileEncoding = 4; lastKnownFileType = sourcecode.swift; path = DelayProcedureTests.swift; sourceTree = "<group>"; };
		65D366F01E183FB000D03E86 /* FilterProcedureTests.swift */ = {isa = PBXFileReference; fileEncoding = 4; lastKnownFileType = sourcecode.swift; path = FilterProcedureTests.swift; sourceTree = "<group>"; };
		65D366F11E183FB000D03E86 /* FinishingTests.swift */ = {isa = PBXFileReference; fileEncoding = 4; lastKnownFileType = sourcecode.swift; path = FinishingTests.swift; sourceTree = "<group>"; };
		65D366F21E183FB000D03E86 /* GroupTests.swift */ = {isa = PBXFileReference; fileEncoding = 4; lastKnownFileType = sourcecode.swift; path = GroupTests.swift; sourceTree = "<group>"; };
		65D366F41E183FB000D03E86 /* MapProcedureTests.swift */ = {isa = PBXFileReference; fileEncoding = 4; lastKnownFileType = sourcecode.swift; path = MapProcedureTests.swift; sourceTree = "<group>"; };
		65D366F51E183FB000D03E86 /* MutualExclusivityTests.swift */ = {isa = PBXFileReference; fileEncoding = 4; lastKnownFileType = sourcecode.swift; path = MutualExclusivityTests.swift; sourceTree = "<group>"; };
		65D366F61E183FB000D03E86 /* NegatedConditionTests.swift */ = {isa = PBXFileReference; fileEncoding = 4; lastKnownFileType = sourcecode.swift; path = NegatedConditionTests.swift; sourceTree = "<group>"; };
		65D366F71E183FB000D03E86 /* NetworkObserverTests.swift */ = {isa = PBXFileReference; fileEncoding = 4; lastKnownFileType = sourcecode.swift; path = NetworkObserverTests.swift; sourceTree = "<group>"; };
		65D366F81E183FB000D03E86 /* NoFailedDependenciesConditionTests.swift */ = {isa = PBXFileReference; fileEncoding = 4; lastKnownFileType = sourcecode.swift; path = NoFailedDependenciesConditionTests.swift; sourceTree = "<group>"; };
		65D366F91E183FB000D03E86 /* ProcedureKitErrorTests.swift */ = {isa = PBXFileReference; fileEncoding = 4; lastKnownFileType = sourcecode.swift; path = ProcedureKitErrorTests.swift; sourceTree = "<group>"; };
		65D366FA1E183FB000D03E86 /* ProcedureKitTests.swift */ = {isa = PBXFileReference; fileEncoding = 4; lastKnownFileType = sourcecode.swift; path = ProcedureKitTests.swift; sourceTree = "<group>"; };
		65D366FB1E183FB000D03E86 /* ProcedureTests.swift */ = {isa = PBXFileReference; fileEncoding = 4; lastKnownFileType = sourcecode.swift; path = ProcedureTests.swift; sourceTree = "<group>"; };
		65D366FC1E183FB000D03E86 /* ProfilerTests.swift */ = {isa = PBXFileReference; fileEncoding = 4; lastKnownFileType = sourcecode.swift; path = ProfilerTests.swift; sourceTree = "<group>"; };
		65D366FD1E183FB000D03E86 /* ReachabilityTests.swift */ = {isa = PBXFileReference; fileEncoding = 4; lastKnownFileType = sourcecode.swift; path = ReachabilityTests.swift; sourceTree = "<group>"; };
		65D366FE1E183FB000D03E86 /* ReduceProcedureTests.swift */ = {isa = PBXFileReference; fileEncoding = 4; lastKnownFileType = sourcecode.swift; path = ReduceProcedureTests.swift; sourceTree = "<group>"; };
		65D366FF1E183FB000D03E86 /* RepeatProcedureTests.swift */ = {isa = PBXFileReference; fileEncoding = 4; lastKnownFileType = sourcecode.swift; path = RepeatProcedureTests.swift; sourceTree = "<group>"; };
		65D367001E183FB000D03E86 /* ResultInjectionTests.swift */ = {isa = PBXFileReference; fileEncoding = 4; lastKnownFileType = sourcecode.swift; path = ResultInjectionTests.swift; sourceTree = "<group>"; };
		65D367011E183FB000D03E86 /* RetryProcedureTests.swift */ = {isa = PBXFileReference; fileEncoding = 4; lastKnownFileType = sourcecode.swift; path = RetryProcedureTests.swift; sourceTree = "<group>"; };
		65D367021E183FB000D03E86 /* SilentConditionTests.swift */ = {isa = PBXFileReference; fileEncoding = 4; lastKnownFileType = sourcecode.swift; path = SilentConditionTests.swift; sourceTree = "<group>"; };
		65D367031E183FB000D03E86 /* TimeoutObserverTests.swift */ = {isa = PBXFileReference; fileEncoding = 4; lastKnownFileType = sourcecode.swift; path = TimeoutObserverTests.swift; sourceTree = "<group>"; };
		65D367041E183FB000D03E86 /* TransformProcedureTests.swift */ = {isa = PBXFileReference; fileEncoding = 4; lastKnownFileType = sourcecode.swift; path = TransformProcedureTests.swift; sourceTree = "<group>"; };
		65D367421E183FBE00D03E86 /* BlockProcedureStressTests.swift */ = {isa = PBXFileReference; fileEncoding = 4; lastKnownFileType = sourcecode.swift; path = BlockProcedureStressTests.swift; sourceTree = "<group>"; };
		65D367431E183FBE00D03E86 /* GroupStressTests.swift */ = {isa = PBXFileReference; fileEncoding = 4; lastKnownFileType = sourcecode.swift; path = GroupStressTests.swift; sourceTree = "<group>"; };
		65D367441E183FBE00D03E86 /* ProcedureKitStressTests.swift */ = {isa = PBXFileReference; fileEncoding = 4; lastKnownFileType = sourcecode.swift; path = ProcedureKitStressTests.swift; sourceTree = "<group>"; };
		65D367451E183FBE00D03E86 /* ProcedureStressTests.swift */ = {isa = PBXFileReference; fileEncoding = 4; lastKnownFileType = sourcecode.swift; path = ProcedureStressTests.swift; sourceTree = "<group>"; };
		65D367461E183FBE00D03E86 /* RepeatStressTests.swift */ = {isa = PBXFileReference; fileEncoding = 4; lastKnownFileType = sourcecode.swift; path = RepeatStressTests.swift; sourceTree = "<group>"; };
		65D368661E184AA600D03E86 /* Any.swift */ = {isa = PBXFileReference; fileEncoding = 4; lastKnownFileType = sourcecode.swift; path = Any.swift; sourceTree = "<group>"; };
		65D368671E184AA600D03E86 /* AnyObserver.swift */ = {isa = PBXFileReference; fileEncoding = 4; lastKnownFileType = sourcecode.swift; path = AnyObserver.swift; sourceTree = "<group>"; };
		65D368681E184AA600D03E86 /* Block.swift */ = {isa = PBXFileReference; fileEncoding = 4; lastKnownFileType = sourcecode.swift; path = Block.swift; sourceTree = "<group>"; };
		65D368691E184AA600D03E86 /* BlockCondition.swift */ = {isa = PBXFileReference; fileEncoding = 4; lastKnownFileType = sourcecode.swift; path = BlockCondition.swift; sourceTree = "<group>"; };
		65D3686A1E184AA600D03E86 /* BlockObservers.swift */ = {isa = PBXFileReference; fileEncoding = 4; lastKnownFileType = sourcecode.swift; path = BlockObservers.swift; sourceTree = "<group>"; };
		65D3686B1E184AA600D03E86 /* Capability.swift */ = {isa = PBXFileReference; fileEncoding = 4; lastKnownFileType = sourcecode.swift; path = Capability.swift; sourceTree = "<group>"; };
		65D3686C1E184AA600D03E86 /* Collection+ProcedureKit.swift */ = {isa = PBXFileReference; fileEncoding = 4; lastKnownFileType = sourcecode.swift; path = "Collection+ProcedureKit.swift"; sourceTree = "<group>"; };
		65D3686D1E184AA600D03E86 /* Composed.swift */ = {isa = PBXFileReference; fileEncoding = 4; lastKnownFileType = sourcecode.swift; path = Composed.swift; sourceTree = "<group>"; };
		65D3686E1E184AA600D03E86 /* Condition.swift */ = {isa = PBXFileReference; fileEncoding = 4; lastKnownFileType = sourcecode.swift; path = Condition.swift; sourceTree = "<group>"; };
		65D3686F1E184AA600D03E86 /* Delay.swift */ = {isa = PBXFileReference; fileEncoding = 4; lastKnownFileType = sourcecode.swift; path = Delay.swift; sourceTree = "<group>"; };
		65D368701E184AA600D03E86 /* DispatchQueue+ProcedureKit.swift */ = {isa = PBXFileReference; fileEncoding = 4; lastKnownFileType = sourcecode.swift; path = "DispatchQueue+ProcedureKit.swift"; sourceTree = "<group>"; };
		65D368711E184AA600D03E86 /* Errors.swift */ = {isa = PBXFileReference; fileEncoding = 4; lastKnownFileType = sourcecode.swift; path = Errors.swift; sourceTree = "<group>"; };
		65D368721E184AA600D03E86 /* Filter.swift */ = {isa = PBXFileReference; fileEncoding = 4; lastKnownFileType = sourcecode.swift; path = Filter.swift; sourceTree = "<group>"; };
		65D368731E184AA600D03E86 /* Group.swift */ = {isa = PBXFileReference; fileEncoding = 4; lastKnownFileType = sourcecode.swift; path = Group.swift; sourceTree = "<group>"; };
		65D368741E184AA600D03E86 /* Identity.swift */ = {isa = PBXFileReference; fileEncoding = 4; lastKnownFileType = sourcecode.swift; path = Identity.swift; sourceTree = "<group>"; };
		65D368751E184AA600D03E86 /* Logging.swift */ = {isa = PBXFileReference; fileEncoding = 4; lastKnownFileType = sourcecode.swift; path = Logging.swift; sourceTree = "<group>"; };
		65D368761E184AA600D03E86 /* Map.swift */ = {isa = PBXFileReference; fileEncoding = 4; lastKnownFileType = sourcecode.swift; path = Map.swift; sourceTree = "<group>"; };
		65D368771E184AA600D03E86 /* MutualExclusion.swift */ = {isa = PBXFileReference; fileEncoding = 4; lastKnownFileType = sourcecode.swift; path = MutualExclusion.swift; sourceTree = "<group>"; };
		65D368781E184AA600D03E86 /* NegatedCondition.swift */ = {isa = PBXFileReference; fileEncoding = 4; lastKnownFileType = sourcecode.swift; path = NegatedCondition.swift; sourceTree = "<group>"; };
		65D368791E184AA600D03E86 /* NetworkObserver.swift */ = {isa = PBXFileReference; fileEncoding = 4; lastKnownFileType = sourcecode.swift; path = NetworkObserver.swift; sourceTree = "<group>"; };
		65D3687A1E184AA600D03E86 /* NoFailedDependenciesCondition.swift */ = {isa = PBXFileReference; fileEncoding = 4; lastKnownFileType = sourcecode.swift; path = NoFailedDependenciesCondition.swift; sourceTree = "<group>"; };
		65D3687B1E184AA600D03E86 /* Operation+ProcedureKit.swift */ = {isa = PBXFileReference; fileEncoding = 4; lastKnownFileType = sourcecode.swift; path = "Operation+ProcedureKit.swift"; sourceTree = "<group>"; };
		65D3687C1E184AA600D03E86 /* Procedure.swift */ = {isa = PBXFileReference; fileEncoding = 4; lastKnownFileType = sourcecode.swift; path = Procedure.swift; sourceTree = "<group>"; };
		65D3687D1E184AA600D03E86 /* ProcedureObserver.swift */ = {isa = PBXFileReference; fileEncoding = 4; lastKnownFileType = sourcecode.swift; path = ProcedureObserver.swift; sourceTree = "<group>"; };
		65D3687E1E184AA600D03E86 /* ProcedureProcotol.swift */ = {isa = PBXFileReference; fileEncoding = 4; lastKnownFileType = sourcecode.swift; path = ProcedureProcotol.swift; sourceTree = "<group>"; };
		65D3687F1E184AA600D03E86 /* ProcedureQueue.swift */ = {isa = PBXFileReference; fileEncoding = 4; lastKnownFileType = sourcecode.swift; path = ProcedureQueue.swift; sourceTree = "<group>"; };
		65D368801E184AA600D03E86 /* ProcedureResult.swift */ = {isa = PBXFileReference; fileEncoding = 4; lastKnownFileType = sourcecode.swift; path = ProcedureResult.swift; sourceTree = "<group>"; };
		65D368811E184AA600D03E86 /* Profiler.swift */ = {isa = PBXFileReference; fileEncoding = 4; lastKnownFileType = sourcecode.swift; path = Profiler.swift; sourceTree = "<group>"; };
		65D368821E184AA600D03E86 /* Reachability.swift */ = {isa = PBXFileReference; fileEncoding = 4; lastKnownFileType = sourcecode.swift; path = Reachability.swift; sourceTree = "<group>"; };
		65D368831E184AA600D03E86 /* Reduce.swift */ = {isa = PBXFileReference; fileEncoding = 4; lastKnownFileType = sourcecode.swift; path = Reduce.swift; sourceTree = "<group>"; };
		65D368841E184AA600D03E86 /* Repeat.swift */ = {isa = PBXFileReference; fileEncoding = 4; lastKnownFileType = sourcecode.swift; path = Repeat.swift; sourceTree = "<group>"; };
		65D368851E184AA600D03E86 /* Retry.swift */ = {isa = PBXFileReference; fileEncoding = 4; lastKnownFileType = sourcecode.swift; path = Retry.swift; sourceTree = "<group>"; };
		65D368861E184AA600D03E86 /* SilentCondition.swift */ = {isa = PBXFileReference; fileEncoding = 4; lastKnownFileType = sourcecode.swift; path = SilentCondition.swift; sourceTree = "<group>"; };
		65D368871E184AA600D03E86 /* Support.swift */ = {isa = PBXFileReference; fileEncoding = 4; lastKnownFileType = sourcecode.swift; path = Support.swift; sourceTree = "<group>"; };
		65D368881E184AA600D03E86 /* TimeoutObserver.swift */ = {isa = PBXFileReference; fileEncoding = 4; lastKnownFileType = sourcecode.swift; path = TimeoutObserver.swift; sourceTree = "<group>"; };
		65D368891E184AA600D03E86 /* Transform.swift */ = {isa = PBXFileReference; fileEncoding = 4; lastKnownFileType = sourcecode.swift; path = Transform.swift; sourceTree = "<group>"; };
		65D4BEF420C8A31100D85877 /* SignpostObserver.swift */ = {isa = PBXFileReference; lastKnownFileType = sourcecode.swift; path = SignpostObserver.swift; sourceTree = "<group>"; };
		65D4BEF920C8DDA700D85877 /* ProcedureKitInstruments.xcconfig */ = {isa = PBXFileReference; lastKnownFileType = text.xcconfig; name = ProcedureKitInstruments.xcconfig; path = "Supporting Files/ProcedureKitInstruments.xcconfig"; sourceTree = "<group>"; };
		65ECB2E81DB4F1A200F96F46 /* ProcedureKitNetwork.h */ = {isa = PBXFileReference; fileEncoding = 4; lastKnownFileType = sourcecode.c.h; name = ProcedureKitNetwork.h; path = "Supporting Files/ProcedureKitNetwork.h"; sourceTree = "<group>"; };
		65ECB2E91DB4F1A200F96F46 /* ProcedureKitNetwork.xcconfig */ = {isa = PBXFileReference; fileEncoding = 4; lastKnownFileType = text.xcconfig; name = ProcedureKitNetwork.xcconfig; path = "Supporting Files/ProcedureKitNetwork.xcconfig"; sourceTree = "<group>"; };
		EE3371071E29AD3E004272E9 /* DispatchQueueExtensionsTests.swift */ = {isa = PBXFileReference; fileEncoding = 4; lastKnownFileType = sourcecode.swift; path = DispatchQueueExtensionsTests.swift; sourceTree = "<group>"; };
		EEE79AE71E21B9C90030C768 /* PendingEvent.swift */ = {isa = PBXFileReference; fileEncoding = 4; lastKnownFileType = sourcecode.swift; path = PendingEvent.swift; sourceTree = "<group>"; };
		EEE79AE91E21B9D30030C768 /* ProcedureEventQueue.swift */ = {isa = PBXFileReference; fileEncoding = 4; lastKnownFileType = sourcecode.swift; path = ProcedureEventQueue.swift; sourceTree = "<group>"; };
		EEE79AEA1E21B9D30030C768 /* ProcedureFuture.swift */ = {isa = PBXFileReference; fileEncoding = 4; lastKnownFileType = sourcecode.swift; path = ProcedureFuture.swift; sourceTree = "<group>"; };
		EEE79AED1E21C9750030C768 /* KVONotificationTests.swift */ = {isa = PBXFileReference; fileEncoding = 4; lastKnownFileType = sourcecode.swift; path = KVONotificationTests.swift; sourceTree = "<group>"; };
/* End PBXFileReference section */

/* Begin PBXFrameworksBuildPhase section */
		65CFC5EC1D608A5500CAD875 /* Frameworks */ = {
			isa = PBXFrameworksBuildPhase;
			buildActionMask = 2147483647;
			files = (
			);
			runOnlyForDeploymentPostprocessing = 0;
		};
/* End PBXFrameworksBuildPhase section */

/* Begin PBXGroup section */
		653C9FD91D6097E20070B7A2 /* Tests */ = {
			isa = PBXGroup;
			children = (
				65D366801E183F1900D03E86 /* ProcedureKitCloudTests */,
				65A0E4B620B8548D002D6C8C /* ProcedureKitCoreDataTests */,
				65D366B51E183F2600D03E86 /* ProcedureKitLocationTests */,
				65D366C21E183F3900D03E86 /* ProcedureKitMacTests */,
				65D366C71E183F5000D03E86 /* ProcedureKitMobileTests */,
				65D366D41E183F6400D03E86 /* ProcedureKitNetworkTests */,
				65D367411E183FBE00D03E86 /* ProcedureKitStressTests */,
				65D366E61E183FB000D03E86 /* ProcedureKitTests */,
				65D366E31E183F8100D03E86 /* ProcedureKitTVTests */,
			);
			name = Tests;
			sourceTree = "<group>";
		};
		653CA02A1D60A4FB0070B7A2 /* ... */ = {
			isa = PBXGroup;
			children = (
				65CFC60C1D608AAA00CAD875 /* Supporting Files */,
				65CFC5F11D608A5500CAD875 /* Products */,
			);
			name = ...;
			sourceTree = "<group>";
		};
		65A0E4B620B8548D002D6C8C /* ProcedureKitCoreDataTests */ = {
			isa = PBXGroup;
			children = (
				658BE07720BCA0500021F11B /* InsertManagedObjectsProcedureTests.swift */,
				65A0E4C220BB1975002D6C8C /* LoadCoreDataProcedureTests.swift */,
				658BE07320BC77AD0021F11B /* MakeFetchedResultsControllerProcedureTests.swift */,
				65A0E4B820B8548D002D6C8C /* ProcedureKitCoreDataTests.swift */,
				65A0E4C620BC548A002D6C8C /* SaveManagedObjectContextProcedureTests.swift */,
				65A0E4BF20BB18EA002D6C8C /* TestDataModel.xcdatamodeld */,
			);
			name = ProcedureKitCoreDataTests;
			path = Tests/ProcedureKitCoreDataTests;
			sourceTree = "<group>";
		};
		65CFC5E41D608A1A00CAD875 = {
			isa = PBXGroup;
			children = (
				65D367BE1E1843ED00D03E86 /* Sources */,
				653C9FD91D6097E20070B7A2 /* Tests */,
				653CA02A1D60A4FB0070B7A2 /* ... */,
			);
			sourceTree = "<group>";
		};
		65CFC5F11D608A5500CAD875 /* Products */ = {
			isa = PBXGroup;
			children = (
				65CFC5F01D608A5500CAD875 /* ProcedureKit.framework */,
			);
			name = Products;
			sourceTree = "<group>";
		};
		65CFC60C1D608AAA00CAD875 /* Supporting Files */ = {
			isa = PBXGroup;
			children = (
				65CFC60A1D608AA700CAD875 /* ProcedureKit.h */,
				653CA0731D60AB1B0070B7A2 /* ProcedureKitCloud.h */,
				65A0E4B320B85258002D6C8C /* ProcedureKitCoreData.h */,
				659484351DAAA3360028F83B /* ProcedureKitLocation.h */,
				653CA0471D60A6060070B7A2 /* ProcedureKitMac.h */,
				653C9FDA1D6098330070B7A2 /* ProcedureKitMobile.h */,
				65ECB2E81DB4F1A200F96F46 /* ProcedureKitNetwork.h */,
				653CA00A1D609EDA0070B7A2 /* ProcedureKitTV.h */,
				65CFC61E1D60904700CAD875 /* TestingProcedureKit.h */,
				65CFC60F1D608B3000CAD875 /* Info.plist */,
				65CFC60E1D608AE200CAD875 /* ProcedureKit.xcconfig */,
				653CA0751D60AB2B0070B7A2 /* ProcedureKitCloud.xcconfig */,
				65A0E4B520B85297002D6C8C /* ProcedureKitCoreData.xcconfig */,
				65D4BEF920C8DDA700D85877 /* ProcedureKitInstruments.xcconfig */,
				659484371DAAA3A60028F83B /* ProcedureKitLocation.xcconfig */,
				653CA0491D60A6630070B7A2 /* ProcedureKitMac.xcconfig */,
				653C9FDC1D6098650070B7A2 /* ProcedureKitMobile.xcconfig */,
				65ECB2E91DB4F1A200F96F46 /* ProcedureKitNetwork.xcconfig */,
				653CA00B1D609EDA0070B7A2 /* ProcedureKitTV.xcconfig */,
				65CFC6201D60905000CAD875 /* TestingProcedureKit.xcconfig */,
				65CFC60D1D608AD200CAD875 /* Version.xcconfig */,
				65C88D761DC4EB4300C8D4EB /* Warnings.xcconfig */,
			);
			name = "Supporting Files";
			sourceTree = "<group>";
		};
		65D366801E183F1900D03E86 /* ProcedureKitCloudTests */ = {
			isa = PBXGroup;
			children = (
				65D366811E183F1900D03E86 /* CKAcceptSharesOperationTests.swift */,
				65D366821E183F1900D03E86 /* CKDatabaseOperationTests.swift */,
				65D366841E183F1900D03E86 /* CKDiscoverAllUserIdentitiesOperationTests.swift */,
				65D366851E183F1900D03E86 /* CKDiscoverUserIdentitiesOperationTests.swift */,
				65D366871E183F1900D03E86 /* CKFetchAllChangesTests.swift */,
				65D366881E183F1900D03E86 /* CKFetchDatabaseChangesOperationTests.swift */,
				65D366891E183F1900D03E86 /* CKFetchNotificationChangesOperationTests.swift */,
				65D3668B1E183F1900D03E86 /* CKFetchRecordsOperationTests.swift */,
				65D3668C1E183F1900D03E86 /* CKFetchRecordZoneChangesOperationTests.swift */,
				65D3668D1E183F1900D03E86 /* CKFetchRecordZonesOperationTests.swift */,
				65D3668E1E183F1900D03E86 /* CKFetchShareMetadataOperationTests.swift */,
				65D3668F1E183F1900D03E86 /* CKFetchShareParticipantsOperationTests.swift */,
				65D366901E183F1900D03E86 /* CKFetchSubscriptionsOperationTests.swift */,
				65D366911E183F1900D03E86 /* CKMarkNotificationsReadOperationTests.swift */,
				65D366921E183F1900D03E86 /* CKModifyBadgeOperationTests.swift */,
				65D366931E183F1900D03E86 /* CKModifyRecordsOperationTests.swift */,
				65D366941E183F1900D03E86 /* CKModifyRecordZonesOperationTests.swift */,
				65D366951E183F1900D03E86 /* CKModifySubscriptionsOperationTests.swift */,
				65D366961E183F1900D03E86 /* CKOperationTests.swift */,
				65D366971E183F1900D03E86 /* CKQueryOperationTests.swift */,
				65D366981E183F1900D03E86 /* CloudKitCapabilityTests.swift */,
				65D366991E183F1900D03E86 /* ProcedureKitCloudTests.swift */,
				65D3669A1E183F1900D03E86 /* TestableCloudKitContainer.swift */,
			);
			name = ProcedureKitCloudTests;
			path = Tests/ProcedureKitCloudTests;
			sourceTree = "<group>";
		};
		65D366B51E183F2600D03E86 /* ProcedureKitLocationTests */ = {
			isa = PBXGroup;
			children = (
				65D366B61E183F2600D03E86 /* LocationCapabilityTests.swift */,
				65D366B71E183F2600D03E86 /* ProcedureKitLocationTests.swift */,
				65D366B81E183F2600D03E86 /* ReverseGeocodeProcedureTests.swift */,
				65D366B91E183F2600D03E86 /* ReverseGeocodeUserLocationProcedureTests.swift */,
				65D366BA1E183F2600D03E86 /* TestableLocationServices.swift */,
				65D366BB1E183F2600D03E86 /* UserLocationProcedureTests.swift */,
			);
			name = ProcedureKitLocationTests;
			path = Tests/ProcedureKitLocationTests;
			sourceTree = "<group>";
		};
		65D366C21E183F3900D03E86 /* ProcedureKitMacTests */ = {
			isa = PBXGroup;
			children = (
				65D366C31E183F3900D03E86 /* ProcedureKitMacTests.swift */,
				65D366C41E183F3900D03E86 /* ProcessProcedureTests.swift */,
			);
			name = ProcedureKitMacTests;
			path = Tests/ProcedureKitMacTests;
			sourceTree = "<group>";
		};
		65D366C71E183F5000D03E86 /* ProcedureKitMobileTests */ = {
			isa = PBXGroup;
			children = (
				65D366C81E183F5000D03E86 /* AlertProcedureTests.swift */,
				65D366C91E183F5000D03E86 /* BackgroundObserverTests.swift */,
				65D366CA1E183F5000D03E86 /* PresentationProcedureTests.swift */,
				65D366CB1E183F5000D03E86 /* ProcedureKitMobileTests.swift */,
				65D366CC1E183F5000D03E86 /* TestableUIApplication.swift */,
				65D366CD1E183F5000D03E86 /* UIProcedureTests.swift */,
			);
			name = ProcedureKitMobileTests;
			path = Tests/ProcedureKitMobileTests;
			sourceTree = "<group>";
		};
		65D366D41E183F6400D03E86 /* ProcedureKitNetworkTests */ = {
			isa = PBXGroup;
			children = (
				65D366D51E183F6400D03E86 /* NetworkDataProcedureTests.swift */,
				65D366D61E183F6400D03E86 /* NetworkDownloadProcedureTests.swift */,
				65D366D71E183F6400D03E86 /* NetworkProcedureTests.swift */,
				65D366D81E183F6400D03E86 /* NetworkReachabilityTests.swift */,
				65D366D91E183F6400D03E86 /* NetworkUploadProcedureTests.swift */,
				65D366DA1E183F6400D03E86 /* ProcedureKitNetworkTests.swift */,
				65D366DB1E183F6400D03E86 /* URLTests.swift */,
			);
			name = ProcedureKitNetworkTests;
			path = Tests/ProcedureKitNetworkTests;
			sourceTree = "<group>";
		};
		65D366E31E183F8100D03E86 /* ProcedureKitTVTests */ = {
			isa = PBXGroup;
			children = (
				65D366E41E183F8100D03E86 /* ProcedureKitTVTests.swift */,
			);
			name = ProcedureKitTVTests;
			path = Tests/ProcedureKitTVTests;
			sourceTree = "<group>";
		};
		65D366E61E183FB000D03E86 /* ProcedureKitTests */ = {
			isa = PBXGroup;
			children = (
				65D366E71E183FB000D03E86 /* AnyProcedureTests.swift */,
				652F9014209C488600365B2D /* BatchTests.swift */,
				65D366E81E183FB000D03E86 /* BlockConditionTests.swift */,
				65D366E91E183FB000D03E86 /* BlockObserverTests.swift */,
				65D366EA1E183FB000D03E86 /* BlockProcedureTests.swift */,
				65D366EB1E183FB000D03E86 /* CancellationTests.swift */,
				65D366EC1E183FB000D03E86 /* CapabilityTests.swift */,
				65D366ED1E183FB000D03E86 /* ComposedProcedureTests.swift */,
				65D366EE1E183FB000D03E86 /* ConditionTests.swift */,
				65D366EF1E183FB000D03E86 /* DelayProcedureTests.swift */,
				EE3371071E29AD3E004272E9 /* DispatchQueueExtensionsTests.swift */,
				65D366F01E183FB000D03E86 /* FilterProcedureTests.swift */,
				65D366F11E183FB000D03E86 /* FinishingTests.swift */,
				65D366F21E183FB000D03E86 /* GroupTests.swift */,
				652F903E209E445200365B2D /* IgnoreErrorsProcedureTests.swift */,
				6527C35F220217FE00D6F498 /* JSONCodingTests.swift */,
				EEE79AED1E21C9750030C768 /* KVONotificationTests.swift */,
				65A1923820F88FD300E0D42C /* LoggingTests.swift */,
				65D366F41E183FB000D03E86 /* MapProcedureTests.swift */,
				65D366F51E183FB000D03E86 /* MutualExclusivityTests.swift */,
				65D366F61E183FB000D03E86 /* NegatedConditionTests.swift */,
				65D366F71E183FB000D03E86 /* NetworkObserverTests.swift */,
				65D366F81E183FB000D03E86 /* NoFailedDependenciesConditionTests.swift */,
				65D366F91E183FB000D03E86 /* ProcedureKitErrorTests.swift */,
				65D366FA1E183FB000D03E86 /* ProcedureKitTests.swift */,
				65D366FB1E183FB000D03E86 /* ProcedureTests.swift */,
				65D366FC1E183FB000D03E86 /* ProfilerTests.swift */,
				65D366FD1E183FB000D03E86 /* ReachabilityTests.swift */,
				65D366FE1E183FB000D03E86 /* ReduceProcedureTests.swift */,
				65D366FF1E183FB000D03E86 /* RepeatProcedureTests.swift */,
				65D367001E183FB000D03E86 /* ResultInjectionTests.swift */,
				65D367011E183FB000D03E86 /* RetryProcedureTests.swift */,
				65D367021E183FB000D03E86 /* SilentConditionTests.swift */,
				65D367031E183FB000D03E86 /* TimeoutObserverTests.swift */,
				65D367041E183FB000D03E86 /* TransformProcedureTests.swift */,
			);
			name = ProcedureKitTests;
			path = Tests/ProcedureKitTests;
			sourceTree = "<group>";
		};
		65D367411E183FBE00D03E86 /* ProcedureKitStressTests */ = {
			isa = PBXGroup;
			children = (
				65D367421E183FBE00D03E86 /* BlockProcedureStressTests.swift */,
				65D367431E183FBE00D03E86 /* GroupStressTests.swift */,
				65D367441E183FBE00D03E86 /* ProcedureKitStressTests.swift */,
				65D367451E183FBE00D03E86 /* ProcedureStressTests.swift */,
				65D367461E183FBE00D03E86 /* RepeatStressTests.swift */,
			);
			name = ProcedureKitStressTests;
			path = Tests/ProcedureKitStressTests;
			sourceTree = "<group>";
		};
		65D367BE1E1843ED00D03E86 /* Sources */ = {
			isa = PBXGroup;
			children = (
				65D368651E184AA600D03E86 /* ProcedureKit */,
			);
			name = Sources;
			sourceTree = "<group>";
		};
		65D368651E184AA600D03E86 /* ProcedureKit */ = {
			isa = PBXGroup;
			children = (
				65D368711E184AA600D03E86 /* Errors.swift */,
				65D368821E184AA600D03E86 /* Reachability.swift */,
				65D368871E184AA600D03E86 /* Support.swift */,
				65D368B01E184AE500D03E86 /* Conditions */,
				65D368B21E184B0000D03E86 /* Core */,
				65D368B11E184AF000D03E86 /* Extensions */,
				65D368AF1E184AD000D03E86 /* Observers */,
				65D368AE1E184ABF00D03E86 /* Procedures */,
			);
			name = ProcedureKit;
			path = Sources/ProcedureKit;
			sourceTree = "<group>";
		};
		65D368AE1E184ABF00D03E86 /* Procedures */ = {
			isa = PBXGroup;
			children = (
				65D368661E184AA600D03E86 /* Any.swift */,
				65AB7DD9209B95B400726796 /* Batch.swift */,
				65D368681E184AA600D03E86 /* Block.swift */,
				65D3686B1E184AA600D03E86 /* Capability.swift */,
				65D3686D1E184AA600D03E86 /* Composed.swift */,
				6527C35B2202026800D6F498 /* Decode.swift */,
				65D3686F1E184AA600D03E86 /* Delay.swift */,
				6527C35D2202171F00D6F498 /* Encode.swift */,
				65D368721E184AA600D03E86 /* Filter.swift */,
				65D368731E184AA600D03E86 /* Group.swift */,
				652F903C209E3E3D00365B2D /* IgnoreErrors.swift */,
				65D368761E184AA600D03E86 /* Map.swift */,
				65D368831E184AA600D03E86 /* Reduce.swift */,
				65D368841E184AA600D03E86 /* Repeat.swift */,
				65B9AF472116D1D4004DA82B /* Result.swift */,
				65D368851E184AA600D03E86 /* Retry.swift */,
				65D368891E184AA600D03E86 /* Transform.swift */,
			);
			name = Procedures;
			sourceTree = "<group>";
		};
		65D368AF1E184AD000D03E86 /* Observers */ = {
			isa = PBXGroup;
			children = (
				65D368671E184AA600D03E86 /* AnyObserver.swift */,
				65D3686A1E184AA600D03E86 /* BlockObservers.swift */,
				65D368791E184AA600D03E86 /* NetworkObserver.swift */,
				65D368811E184AA600D03E86 /* Profiler.swift */,
				65D4BEF420C8A31100D85877 /* SignpostObserver.swift */,
				65D368881E184AA600D03E86 /* TimeoutObserver.swift */,
			);
			name = Observers;
			sourceTree = "<group>";
		};
		65D368B01E184AE500D03E86 /* Conditions */ = {
			isa = PBXGroup;
			children = (
				65D368691E184AA600D03E86 /* BlockCondition.swift */,
				65D368771E184AA600D03E86 /* MutualExclusion.swift */,
				65D368781E184AA600D03E86 /* NegatedCondition.swift */,
				65D3687A1E184AA600D03E86 /* NoFailedDependenciesCondition.swift */,
				65D368861E184AA600D03E86 /* SilentCondition.swift */,
			);
			name = Conditions;
			sourceTree = "<group>";
		};
		65D368B11E184AF000D03E86 /* Extensions */ = {
			isa = PBXGroup;
			children = (
				65D3686C1E184AA600D03E86 /* Collection+ProcedureKit.swift */,
				65D368701E184AA600D03E86 /* DispatchQueue+ProcedureKit.swift */,
				65D3687B1E184AA600D03E86 /* Operation+ProcedureKit.swift */,
			);
			name = Extensions;
			sourceTree = "<group>";
		};
		65D368B21E184B0000D03E86 /* Core */ = {
			isa = PBXGroup;
			children = (
				65D3686E1E184AA600D03E86 /* Condition.swift */,
				65D368741E184AA600D03E86 /* Identity.swift */,
				65D368751E184AA600D03E86 /* Logging.swift */,
				EEE79AE71E21B9C90030C768 /* PendingEvent.swift */,
				65D3687C1E184AA600D03E86 /* Procedure.swift */,
				EEE79AE91E21B9D30030C768 /* ProcedureEventQueue.swift */,
				EEE79AEA1E21B9D30030C768 /* ProcedureFuture.swift */,
				65D3687D1E184AA600D03E86 /* ProcedureObserver.swift */,
				65D3687E1E184AA600D03E86 /* ProcedureProcotol.swift */,
				65D3687F1E184AA600D03E86 /* ProcedureQueue.swift */,
				65D368801E184AA600D03E86 /* ProcedureResult.swift */,
			);
			name = Core;
			sourceTree = "<group>";
		};
/* End PBXGroup section */

/* Begin PBXHeadersBuildPhase section */
		65CFC5ED1D608A5500CAD875 /* Headers */ = {
			isa = PBXHeadersBuildPhase;
			buildActionMask = 2147483647;
			files = (
				65CFC60B1D608AA700CAD875 /* ProcedureKit.h in Headers */,
			);
			runOnlyForDeploymentPostprocessing = 0;
		};
/* End PBXHeadersBuildPhase section */

/* Begin PBXNativeTarget section */
		65CFC5EF1D608A5500CAD875 /* ProcedureKit */ = {
			isa = PBXNativeTarget;
			buildConfigurationList = 65CFC6061D608A5500CAD875 /* Build configuration list for PBXNativeTarget "ProcedureKit" */;
			buildPhases = (
				65CFC5EB1D608A5500CAD875 /* Sources */,
				65CFC5EC1D608A5500CAD875 /* Frameworks */,
				65CFC5ED1D608A5500CAD875 /* Headers */,
				65CFC5EE1D608A5500CAD875 /* Resources */,
			);
			buildRules = (
			);
			dependencies = (
			);
			name = ProcedureKit;
			productName = ProcedureKit;
			productReference = 65CFC5F01D608A5500CAD875 /* ProcedureKit.framework */;
			productType = "com.apple.product-type.framework";
		};
/* End PBXNativeTarget section */

/* Begin PBXProject section */
		65CFC5E51D608A1A00CAD875 /* Project object */ = {
			isa = PBXProject;
			attributes = {
				CLASSPREFIX = PCK;
				DefaultBuildSystemTypeForWorkspace = Latest;
				LastSwiftUpdateCheck = 0930;
				LastUpgradeCheck = 1020;
				ORGANIZATIONNAME = ProcedureKit;
				TargetAttributes = {
					65CFC5EF1D608A5500CAD875 = {
						CreatedOnToolsVersion = 8.0;
						LastSwiftMigration = 1020;
					};
				};
			};
			buildConfigurationList = 65CFC5E81D608A1A00CAD875 /* Build configuration list for PBXProject "ProcedureKit" */;
			compatibilityVersion = "Xcode 10.0";
			developmentRegion = en;
			hasScannedForEncodings = 0;
			knownRegions = (
				en,
				Base,
			);
			mainGroup = 65CFC5E41D608A1A00CAD875;
			productRefGroup = 65CFC5F11D608A5500CAD875 /* Products */;
			projectDirPath = "";
			projectRoot = "";
			targets = (
				65CFC5EF1D608A5500CAD875 /* ProcedureKit */,
			);
		};
/* End PBXProject section */

/* Begin PBXResourcesBuildPhase section */
		65CFC5EE1D608A5500CAD875 /* Resources */ = {
			isa = PBXResourcesBuildPhase;
			buildActionMask = 2147483647;
			files = (
			);
			runOnlyForDeploymentPostprocessing = 0;
		};
/* End PBXResourcesBuildPhase section */

/* Begin PBXSourcesBuildPhase section */
		65CFC5EB1D608A5500CAD875 /* Sources */ = {
			isa = PBXSourcesBuildPhase;
			buildActionMask = 2147483647;
			files = (
				65D3689C1E184AA600D03E86 /* NegatedCondition.swift in Sources */,
				65D3688E1E184AA600D03E86 /* BlockObservers.swift in Sources */,
				65D3689D1E184AA600D03E86 /* NetworkObserver.swift in Sources */,
				65D368921E184AA600D03E86 /* Condition.swift in Sources */,
				65D368901E184AA600D03E86 /* Collection+ProcedureKit.swift in Sources */,
				65D3688C1E184AA600D03E86 /* Block.swift in Sources */,
				65D3689A1E184AA600D03E86 /* Map.swift in Sources */,
				65D368A61E184AA600D03E86 /* Reachability.swift in Sources */,
				65D368951E184AA600D03E86 /* Errors.swift in Sources */,
				65D3689F1E184AA600D03E86 /* Operation+ProcedureKit.swift in Sources */,
				65D368941E184AA600D03E86 /* DispatchQueue+ProcedureKit.swift in Sources */,
				65D368A21E184AA600D03E86 /* ProcedureProcotol.swift in Sources */,
				EEE79AEB1E21B9D30030C768 /* ProcedureEventQueue.swift in Sources */,
				65D368AC1E184AA600D03E86 /* TimeoutObserver.swift in Sources */,
				EEE79AE81E21B9C90030C768 /* PendingEvent.swift in Sources */,
				65D3689E1E184AA600D03E86 /* NoFailedDependenciesCondition.swift in Sources */,
				65AB7DDA209B95B400726796 /* Batch.swift in Sources */,
				65D368A41E184AA600D03E86 /* ProcedureResult.swift in Sources */,
				6527C35C2202026800D6F498 /* Decode.swift in Sources */,
				65B9AF482116D1D4004DA82B /* Result.swift in Sources */,
				65D368A81E184AA600D03E86 /* Repeat.swift in Sources */,
				6527C35E2202171F00D6F498 /* Encode.swift in Sources */,
				65D368AB1E184AA600D03E86 /* Support.swift in Sources */,
				65D368911E184AA600D03E86 /* Composed.swift in Sources */,
				65D368981E184AA600D03E86 /* Identity.swift in Sources */,
				EEE79AEC1E21B9D30030C768 /* ProcedureFuture.swift in Sources */,
				65D368971E184AA600D03E86 /* Group.swift in Sources */,
				65D368A51E184AA600D03E86 /* Profiler.swift in Sources */,
				65D3688D1E184AA600D03E86 /* BlockCondition.swift in Sources */,
				65D3688B1E184AA600D03E86 /* AnyObserver.swift in Sources */,
				65D3688A1E184AA600D03E86 /* Any.swift in Sources */,
				65D368A01E184AA600D03E86 /* Procedure.swift in Sources */,
				65D368A31E184AA600D03E86 /* ProcedureQueue.swift in Sources */,
				65D368961E184AA600D03E86 /* Filter.swift in Sources */,
				65D368A11E184AA600D03E86 /* ProcedureObserver.swift in Sources */,
				65D368A71E184AA600D03E86 /* Reduce.swift in Sources */,
				65D3688F1E184AA600D03E86 /* Capability.swift in Sources */,
				652F903D209E3E3D00365B2D /* IgnoreErrors.swift in Sources */,
				65D368A91E184AA600D03E86 /* Retry.swift in Sources */,
				65D368931E184AA600D03E86 /* Delay.swift in Sources */,
				65D4BEF520C8A31100D85877 /* SignpostObserver.swift in Sources */,
				65D3689B1E184AA600D03E86 /* MutualExclusion.swift in Sources */,
				65D368991E184AA600D03E86 /* Logging.swift in Sources */,
				65D368AD1E184AA600D03E86 /* Transform.swift in Sources */,
				65D368AA1E184AA600D03E86 /* SilentCondition.swift in Sources */,
			);
			runOnlyForDeploymentPostprocessing = 0;
		};
/* End PBXSourcesBuildPhase section */

/* Begin XCBuildConfiguration section */
		65CFC5E91D608A1A00CAD875 /* Debug */ = {
			isa = XCBuildConfiguration;
			baseConfigurationReference = 65CFC60E1D608AE200CAD875 /* ProcedureKit.xcconfig */;
			buildSettings = {
				CLANG_WARN_DEPRECATED_OBJC_IMPLEMENTATIONS = YES;
				CLANG_WARN_OBJC_IMPLICIT_RETAIN_SELF = YES;
				CODE_SIGN_IDENTITY = "";
				ONLY_ACTIVE_ARCH = YES;
			};
			name = Debug;
		};
		65CFC5EA1D608A1A00CAD875 /* Release */ = {
			isa = XCBuildConfiguration;
			baseConfigurationReference = 65CFC60E1D608AE200CAD875 /* ProcedureKit.xcconfig */;
			buildSettings = {
				CLANG_WARN_DEPRECATED_OBJC_IMPLEMENTATIONS = YES;
				CLANG_WARN_OBJC_IMPLICIT_RETAIN_SELF = YES;
				CODE_SIGN_IDENTITY = "";
				SWIFT_COMPILATION_MODE = wholemodule;
			};
			name = Release;
		};
		65CFC6021D608A5500CAD875 /* Debug */ = {
			isa = XCBuildConfiguration;
			buildSettings = {
				ALWAYS_SEARCH_USER_PATHS = NO;
				CLANG_CXX_LANGUAGE_STANDARD = "gnu++0x";
				CLANG_CXX_LIBRARY = "libc++";
				CLANG_ENABLE_MODULES = YES;
				CLANG_ENABLE_OBJC_ARC = YES;
				CLANG_WARN_DIRECT_OBJC_ISA_USAGE = YES_ERROR;
				CLANG_WARN_SUSPICIOUS_MOVES = YES;
				CODE_SIGN_STYLE = Manual;
				COMBINE_HIDPI_IMAGES = YES;
				COPY_PHASE_STRIP = NO;
				CURRENT_PROJECT_VERSION = 1;
				DEBUG_INFORMATION_FORMAT = dwarf;
				DEFINES_MODULE = YES;
				DEVELOPMENT_TEAM = "";
				DYLIB_COMPATIBILITY_VERSION = 1;
				DYLIB_CURRENT_VERSION = 1;
				DYLIB_INSTALL_NAME_BASE = "@rpath";
				ENABLE_STRICT_OBJC_MSGSEND = YES;
				ENABLE_TESTABILITY = YES;
				FRAMEWORK_VERSION = A;
				GCC_C_LANGUAGE_STANDARD = gnu99;
				GCC_DYNAMIC_NO_PIC = NO;
				GCC_NO_COMMON_BLOCKS = YES;
				GCC_OPTIMIZATION_LEVEL = 0;
				GCC_PREPROCESSOR_DEFINITIONS = (
					"DEBUG=1",
					"$(inherited)",
				);
				INSTALL_PATH = "$(LOCAL_LIBRARY_DIR)/Frameworks";
				LD_RUNPATH_SEARCH_PATHS = (
					"$(inherited)",
					"@executable_path/Frameworks",
					"@loader_path/Frameworks",
				);
				MTL_ENABLE_DEBUG_INFO = YES;
				PROVISIONING_PROFILE_SPECIFIER = "";
				SKIP_INSTALL = YES;
				SWIFT_ACTIVE_COMPILATION_CONDITIONS = DEBUG;
				SWIFT_COMPILATION_MODE = singlefile;
				SWIFT_OPTIMIZATION_LEVEL = "-Onone";
				SWIFT_VERSION = 5.0;
				VERSIONING_SYSTEM = "apple-generic";
				VERSION_INFO_PREFIX = "";
			};
			name = Debug;
		};
		65CFC6031D608A5500CAD875 /* Release */ = {
			isa = XCBuildConfiguration;
			buildSettings = {
				ALWAYS_SEARCH_USER_PATHS = NO;
				CLANG_CXX_LANGUAGE_STANDARD = "gnu++0x";
				CLANG_CXX_LIBRARY = "libc++";
				CLANG_ENABLE_MODULES = YES;
				CLANG_ENABLE_OBJC_ARC = YES;
				CLANG_WARN_DIRECT_OBJC_ISA_USAGE = YES_ERROR;
				CLANG_WARN_SUSPICIOUS_MOVES = YES;
				CODE_SIGN_STYLE = Manual;
				COMBINE_HIDPI_IMAGES = YES;
				COPY_PHASE_STRIP = NO;
				CURRENT_PROJECT_VERSION = 1;
				DEBUG_INFORMATION_FORMAT = "dwarf-with-dsym";
				DEFINES_MODULE = YES;
				DEVELOPMENT_TEAM = "";
				DYLIB_COMPATIBILITY_VERSION = 1;
				DYLIB_CURRENT_VERSION = 1;
				DYLIB_INSTALL_NAME_BASE = "@rpath";
				ENABLE_NS_ASSERTIONS = NO;
				ENABLE_STRICT_OBJC_MSGSEND = YES;
				FRAMEWORK_VERSION = A;
				GCC_C_LANGUAGE_STANDARD = gnu99;
				GCC_NO_COMMON_BLOCKS = YES;
				INSTALL_PATH = "$(LOCAL_LIBRARY_DIR)/Frameworks";
				LD_RUNPATH_SEARCH_PATHS = (
					"$(inherited)",
					"@executable_path/Frameworks",
					"@loader_path/Frameworks",
				);
				MTL_ENABLE_DEBUG_INFO = NO;
				PROVISIONING_PROFILE_SPECIFIER = "";
				SKIP_INSTALL = YES;
				SWIFT_COMPILATION_MODE = wholemodule;
				SWIFT_OPTIMIZATION_LEVEL = "-O";
				SWIFT_VERSION = 5.0;
				VERSIONING_SYSTEM = "apple-generic";
				VERSION_INFO_PREFIX = "";
			};
			name = Release;
		};
/* End XCBuildConfiguration section */

/* Begin XCConfigurationList section */
		65CFC5E81D608A1A00CAD875 /* Build configuration list for PBXProject "ProcedureKit" */ = {
			isa = XCConfigurationList;
			buildConfigurations = (
				65CFC5E91D608A1A00CAD875 /* Debug */,
				65CFC5EA1D608A1A00CAD875 /* Release */,
			);
			defaultConfigurationIsVisible = 0;
			defaultConfigurationName = Release;
		};
		65CFC6061D608A5500CAD875 /* Build configuration list for PBXNativeTarget "ProcedureKit" */ = {
			isa = XCConfigurationList;
			buildConfigurations = (
				65CFC6021D608A5500CAD875 /* Debug */,
				65CFC6031D608A5500CAD875 /* Release */,
			);
			defaultConfigurationIsVisible = 0;
			defaultConfigurationName = Release;
		};
/* End XCConfigurationList section */

/* Begin XCVersionGroup section */
		65A0E4BF20BB18EA002D6C8C /* TestDataModel.xcdatamodeld */ = {
			isa = XCVersionGroup;
			children = (
				65A0E4C020BB18EA002D6C8C /* TestDataModel.xcdatamodel */,
			);
			currentVersion = 65A0E4C020BB18EA002D6C8C /* TestDataModel.xcdatamodel */;
			path = TestDataModel.xcdatamodeld;
			sourceTree = "<group>";
			versionGroupType = wrapper.xcdatamodel;
		};
/* End XCVersionGroup section */
	};
	rootObject = 65CFC5E51D608A1A00CAD875 /* Project object */;
}
