PODS:
  - CocoaLumberjack (2.0.1):
    - CocoaLumberjack/Default (= 2.0.1)
    - CocoaLumberjack/Extensions (= 2.0.1)
  - CocoaLumberjack/Core (2.0.1)
  - CocoaLumberjack/Default (2.0.1):
    - CocoaLumberjack/Core
  - CocoaLumberjack/Extensions (2.0.1):
    - CocoaLumberjack/Default
  - Operations (2.0.1):
    - Operations/Base (= 2.0.1)
  - Operations/Base (2.0.1)
  - PureLayout (3.0.1)
  - TaylorSource/Base (2.0.0)
  - TaylorSource/YapDatabase (2.0.0):
    - TaylorSource/Base
    - YapDatabase (~> 2.7)
    - YapDatabaseExtensions (~> 2)
  - YapDatabase (2.7.2):
    - YapDatabase/standard (= 2.7.2)
  - YapDatabase/standard (2.7.2):
    - CocoaLumberjack (~> 2)
  - YapDatabaseExtensions (2.0.1):
    - YapDatabase (~> 2)
    - YapDatabaseExtensions/Common (= 2.0.1)
  - YapDatabaseExtensions/Common (2.0.1):
    - YapDatabase (~> 2)

DEPENDENCIES:
  - Operations (from `../../`)
  - PureLayout
  - TaylorSource/YapDatabase (~> 2)
  - YapDatabaseExtensions (~> 2)

EXTERNAL SOURCES:
  Operations:
    :path: "../../"

SPEC CHECKSUMS:
  CocoaLumberjack: 019d1361244274a6138c788c6cb80baabc13fb8f
  Operations: 9a0e4551ee122a92d1425b01b9b7a3e7f4c108f5
  PureLayout: f35f5384c9c4e4479df041dbe33ad7577b71ddfb
  TaylorSource: 86484ba9cf9374d51d4c17db1ad21ee5acba1277
  YapDatabase: bcf13bd764ab4961fb48bef937becf964e50063d
  YapDatabaseExtensions: 260ba5b2cb2086ca2a073ff54c503b96cdf01207

COCOAPODS: 0.38.2
