<?xml version="1.0" encoding="UTF-8"?>
<Scheme
   LastUpgradeVersion = "1000"
   version = "1.3">
   <BuildAction
      parallelizeBuildables = "YES"
      buildImplicitDependencies = "YES">
      <BuildActionEntries>
         <BuildActionEntry
            buildForTesting = "YES"
            buildForRunning = "YES"
            buildForProfiling = "NO"
            buildForArchiving = "NO"
            buildForAnalyzing = "NO">
            <BuildableReference
               BuildableIdentifier = "primary"
               BlueprintIdentifier = "65CFC5F81D608A5500CAD875"
               BuildableName = "ProcedureKitTests.xctest"
               BlueprintName = "ProcedureKitTests"
               ReferencedContainer = "container:ProcedureKit.xcodeproj">
            </BuildableReference>
         </BuildActionEntry>
         <BuildActionEntry
            buildForTesting = "YES"
            buildForRunning = "YES"
            buildForProfiling = "NO"
            buildForArchiving = "NO"
            buildForAnalyzing = "NO">
            <BuildableReference
               BuildableIdentifier = "primary"
               BlueprintIdentifier = "653CA0611D60AA990070B7A2"
               BuildableName = "ProcedureKitCloudTests.xctest"
               BlueprintName = "ProcedureKitCloudTests"
               ReferencedContainer = "container:ProcedureKit.xcodeproj">
            </BuildableReference>
         </BuildActionEntry>
         <BuildActionEntry
            buildForTesting = "YES"
            buildForRunning = "YES"
            buildForProfiling = "NO"
            buildForArchiving = "NO"
            buildForAnalyzing = "NO">
            <BuildableReference
               BuildableIdentifier = "primary"
               BlueprintIdentifier = "65A0E4A020B85169002D6C8C"
               BuildableName = "ProcedureKitCoreDataTests.xctest"
               BlueprintName = "ProcedureKitCoreDataTests"
               ReferencedContainer = "container:ProcedureKit.xcodeproj">
            </BuildableReference>
         </BuildActionEntry>
         <BuildActionEntry
            buildForTesting = "YES"
            buildForRunning = "YES"
            buildForProfiling = "NO"
            buildForArchiving = "NO"
            buildForAnalyzing = "NO">
            <BuildableReference
               BuildableIdentifier = "primary"
               BlueprintIdentifier = "659484251DAAA2B90028F83B"
               BuildableName = "ProcedureKitLocationTests.xctest"
               BlueprintName = "ProcedureKitLocationTests"
               ReferencedContainer = "container:ProcedureKit.xcodeproj">
            </BuildableReference>
         </BuildActionEntry>
         <BuildActionEntry
            buildForTesting = "YES"
            buildForRunning = "YES"
            buildForProfiling = "NO"
            buildForArchiving = "NO"
            buildForAnalyzing = "NO">
            <BuildableReference
               BuildableIdentifier = "primary"
               BlueprintIdentifier = "65ECB2D41DB4F0C000F96F46"
               BuildableName = "ProcedureKitNetworkTests.xctest"
               BlueprintName = "ProcedureKitNetworkTests"
               ReferencedContainer = "container:ProcedureKit.xcodeproj">
            </BuildableReference>
         </BuildActionEntry>
         <BuildActionEntry
            buildForTesting = "YES"
            buildForRunning = "YES"
            buildForProfiling = "NO"
            buildForArchiving = "NO"
            buildForAnalyzing = "NO">
            <BuildableReference
               BuildableIdentifier = "primary"
               BlueprintIdentifier = "653C9FC81D6097A40070B7A2"
               BuildableName = "ProcedureKitMobileTests.xctest"
               BlueprintName = "ProcedureKitMobileTests"
               ReferencedContainer = "container:ProcedureKit.xcodeproj">
            </BuildableReference>
         </BuildActionEntry>
      </BuildActionEntries>
   </BuildAction>
   <TestAction
      buildConfiguration = "Debug"
      selectedDebuggerIdentifier = "Xcode.DebuggerFoundation.Debugger.LLDB"
      selectedLauncherIdentifier = "Xcode.DebuggerFoundation.Launcher.LLDB"
      codeCoverageEnabled = "YES"
      onlyGenerateCoverageForSpecifiedTargets = "YES"
      shouldUseLaunchSchemeArgsEnv = "YES">
      <CodeCoverageTargets>
         <BuildableReference
            BuildableIdentifier = "primary"
            BlueprintIdentifier = "65CFC5EF1D608A5500CAD875"
            BuildableName = "ProcedureKit.framework"
            BlueprintName = "ProcedureKit"
            ReferencedContainer = "container:ProcedureKit.xcodeproj">
         </BuildableReference>
         <BuildableReference
            BuildableIdentifier = "primary"
            BlueprintIdentifier = "65A0E49820B85168002D6C8C"
            BuildableName = "ProcedureKitCoreData.framework"
            BlueprintName = "ProcedureKitCoreData"
            ReferencedContainer = "container:ProcedureKit.xcodeproj">
         </BuildableReference>
         <BuildableReference
            BuildableIdentifier = "primary"
            BlueprintIdentifier = "6594841D1DAAA2B90028F83B"
            BuildableName = "ProcedureKitLocation.framework"
            BlueprintName = "ProcedureKitLocation"
            ReferencedContainer = "container:ProcedureKit.xcodeproj">
         </BuildableReference>
         <BuildableReference
            BuildableIdentifier = "primary"
            BlueprintIdentifier = "653C9FC01D6097A40070B7A2"
            BuildableName = "ProcedureKitMobile.framework"
            BlueprintName = "ProcedureKitMobile"
            ReferencedContainer = "container:ProcedureKit.xcodeproj">
         </BuildableReference>
         <BuildableReference
            BuildableIdentifier = "primary"
            BlueprintIdentifier = "65ECB2CC1DB4F0C000F96F46"
            BuildableName = "ProcedureKitNetwork.framework"
            BlueprintName = "ProcedureKitNetwork"
            ReferencedContainer = "container:ProcedureKit.xcodeproj">
         </BuildableReference>
      </CodeCoverageTargets>
      <Testables>
         <TestableReference
            skipped = "NO"
            testExecutionOrdering = "random">
            <BuildableReference
               BuildableIdentifier = "primary"
               BlueprintIdentifier = "65CFC5F81D608A5500CAD875"
               BuildableName = "ProcedureKitTests.xctest"
               BlueprintName = "ProcedureKitTests"
               ReferencedContainer = "container:ProcedureKit.xcodeproj">
            </BuildableReference>
         </TestableReference>
         <TestableReference
            skipped = "NO"
            testExecutionOrdering = "random">
            <BuildableReference
               BuildableIdentifier = "primary"
               BlueprintIdentifier = "653CA0611D60AA990070B7A2"
               BuildableName = "ProcedureKitCloudTests.xctest"
               BlueprintName = "ProcedureKitCloudTests"
               ReferencedContainer = "container:ProcedureKit.xcodeproj">
            </BuildableReference>
         </TestableReference>
         <TestableReference
            skipped = "NO"
            testExecutionOrdering = "random">
            <BuildableReference
               BuildableIdentifier = "primary"
               BlueprintIdentifier = "65A0E4A020B85169002D6C8C"
               BuildableName = "ProcedureKitCoreDataTests.xctest"
               BlueprintName = "ProcedureKitCoreDataTests"
               ReferencedContainer = "container:ProcedureKit.xcodeproj">
            </BuildableReference>
         </TestableReference>
         <TestableReference
            skipped = "NO"
            testExecutionOrdering = "random">
            <BuildableReference
               BuildableIdentifier = "primary"
               BlueprintIdentifier = "659484251DAAA2B90028F83B"
               BuildableName = "ProcedureKitLocationTests.xctest"
               BlueprintName = "ProcedureKitLocationTests"
               ReferencedContainer = "container:ProcedureKit.xcodeproj">
            </BuildableReference>
         </TestableReference>
         <TestableReference
            skipped = "NO"
            testExecutionOrdering = "random">
            <BuildableReference
               BuildableIdentifier = "primary"
               BlueprintIdentifier = "65ECB2D41DB4F0C000F96F46"
               BuildableName = "ProcedureKitNetworkTests.xctest"
               BlueprintName = "ProcedureKitNetworkTests"
               ReferencedContainer = "container:ProcedureKit.xcodeproj">
            </BuildableReference>
         </TestableReference>
         <TestableReference
            skipped = "NO"
            testExecutionOrdering = "random">
            <BuildableReference
               BuildableIdentifier = "primary"
               BlueprintIdentifier = "653C9FC81D6097A40070B7A2"
               BuildableName = "ProcedureKitMobileTests.xctest"
               BlueprintName = "ProcedureKitMobileTests"
               ReferencedContainer = "container:ProcedureKit.xcodeproj">
            </BuildableReference>
         </TestableReference>
      </Testables>
      <MacroExpansion>
         <BuildableReference
            BuildableIdentifier = "primary"
            BlueprintIdentifier = "65CFC5F81D608A5500CAD875"
            BuildableName = "ProcedureKitTests.xctest"
            BlueprintName = "ProcedureKitTests"
            ReferencedContainer = "container:ProcedureKit.xcodeproj">
         </BuildableReference>
      </MacroExpansion>
      <AdditionalOptions>
      </AdditionalOptions>
   </TestAction>
   <LaunchAction
      buildConfiguration = "Debug"
      selectedDebuggerIdentifier = "Xcode.DebuggerFoundation.Debugger.LLDB"
      selectedLauncherIdentifier = "Xcode.DebuggerFoundation.Launcher.LLDB"
      launchStyle = "0"
      useCustomWorkingDirectory = "NO"
      ignoresPersistentStateOnLaunch = "NO"
      debugDocumentVersioning = "YES"
      debugServiceExtension = "internal"
      allowLocationSimulation = "YES">
      <MacroExpansion>
         <BuildableReference
            BuildableIdentifier = "primary"
            BlueprintIdentifier = "65CFC5F81D608A5500CAD875"
            BuildableName = "ProcedureKitTests.xctest"
            BlueprintName = "ProcedureKitTests"
            ReferencedContainer = "container:ProcedureKit.xcodeproj">
         </BuildableReference>
      </MacroExpansion>
      <AdditionalOptions>
      </AdditionalOptions>
   </LaunchAction>
   <ProfileAction
      buildConfiguration = "Release"
      shouldUseLaunchSchemeArgsEnv = "YES"
      savedToolIdentifier = ""
      useCustomWorkingDirectory = "NO"
      debugDocumentVersioning = "YES">
   </ProfileAction>
   <AnalyzeAction
      buildConfiguration = "Debug">
   </AnalyzeAction>
   <ArchiveAction
      buildConfiguration = "Release"
      revealArchiveInOrganizer = "YES">
   </ArchiveAction>
</Scheme>
