PODS:
  - ProcedureKit (5.0.0.beta.1):
    - ProcedureKit/Standard (= 5.0.0.beta.1)
  - ProcedureKit/All (5.0.0.beta.1):
    - ProcedureKit/Cloud
    - ProcedureKit/CoreData
    - ProcedureKit/Location
    - ProcedureKit/Network
  - ProcedureKit/Cloud (5.0.0.beta.1):
    - ProcedureKit/Standard
  - ProcedureKit/CoreData (5.0.0.beta.1):
    - ProcedureKit/Standard
  - ProcedureKit/Location (5.0.0.beta.1):
    - ProcedureKit/Standard
  - ProcedureKit/Mobile (5.0.0.beta.1):
    - ProcedureKit/Standard
  - ProcedureKit/Network (5.0.0.beta.1):
    - ProcedureKit/Standard
  - ProcedureKit/Standard (5.0.0.beta.1)
  - TestingProcedureKit (5.0.0.beta.1):
    - TestingProcedureKit/Testing (= 5.0.0.beta.1)
  - TestingProcedureKit/Testing (5.0.0.beta.1):
    - ProcedureKit

DEPENDENCIES:
  - ProcedureKit/All (from `../..`)
  - ProcedureKit/Mobile (from `../..`)
  - TestingProcedureKit (from `../..`)

EXTERNAL SOURCES:
  ProcedureKit:
    :path: "../.."
  TestingProcedureKit:
    :path: "../.."

SPEC CHECKSUMS:
  ProcedureKit: 5a3655c01ab01af55f1b95a0ae37e2ea8bce112c
  TestingProcedureKit: 63fb516c0c025e53462961e41593e979a8f13334

PODFILE CHECKSUM: 26b080556a214485b05abef66f81f7be297d9efb

COCOAPODS: 1.5.3
