PODS:
  - ProcedureKit (5.0.0-beta.1):
    - ProcedureKit/Standard (= 5.0.0-beta.1)
  - ProcedureKit/All (5.0.0-beta.1):
    - ProcedureKit/Cloud
    - ProcedureKit/CoreData
    - ProcedureKit/Location
    - ProcedureKit/Network
  - ProcedureKit/Cloud (5.0.0-beta.1):
    - ProcedureKit/Standard
  - ProcedureKit/CoreData (5.0.0-beta.1):
    - ProcedureKit/Standard
  - ProcedureKit/Location (5.0.0-beta.1):
    - ProcedureKit/Standard
  - ProcedureKit/Mobile (5.0.0-beta.1):
    - ProcedureKit/Standard
  - ProcedureKit/Network (5.0.0-beta.1):
    - ProcedureKit/Standard
  - ProcedureKit/Standard (5.0.0-beta.1)
  - TestingProcedureKit (5.0.0-beta.1):
    - TestingProcedureKit/Testing (= 5.0.0-beta.1)
  - TestingProcedureKit/Testing (5.0.0-beta.1):
    - ProcedureKit

DEPENDENCIES:
  - ProcedureKit/All (from `../..`)
  - ProcedureKit/Mobile (from `../..`)
  - TestingProcedureKit (from `../..`)

EXTERNAL SOURCES:
  ProcedureKit:
    :path: "../.."
  TestingProcedureKit:
    :path: "../.."

SPEC CHECKSUMS:
  ProcedureKit: 16af4d8fb51e52b10aff75ffaaeccba8db06d5fd
  TestingProcedureKit: a95b8a96e977653dcd70aa9bd12b2fed658b5083

PODFILE CHECKSUM: 26b080556a214485b05abef66f81f7be297d9efb

COCOAPODS: 1.6.0.beta.1
